// !$*UTF8*$!
{
	archiveVersion = 1;
	classes = {
	};
	objectVersion = 50;
	objects = {

/* Begin PBXBuildFile section */
		5B2E9CB925E2B940001B77DF /* String+Ext.swift in Sources */ = {isa = PBXBuildFile; fileRef = 5B2E9CB825E2B940001B77DF /* String+Ext.swift */; };
		5B2E9CC425E2D6D6001B77DF /* NetworkURLEncoder.swift in Sources */ = {isa = PBXBuildFile; fileRef = 5B2E9CC125E2D6D6001B77DF /* NetworkURLEncoder.swift */; };
		5B2E9CC525E2D6D6001B77DF /* NetworkError.swift in Sources */ = {isa = PBXBuildFile; fileRef = 5B2E9CC225E2D6D6001B77DF /* NetworkError.swift */; };
		5B2E9CC625E2D6D6001B77DF /* NetworkResponse.swift in Sources */ = {isa = PBXBuildFile; fileRef = 5B2E9CC325E2D6D6001B77DF /* NetworkResponse.swift */; };
		5B6F23A925E1576500EBE946 /* AppCoordinator.swift in Sources */ = {isa = PBXBuildFile; fileRef = 5B6F23A825E1576500EBE946 /* AppCoordinator.swift */; };
		5B6F23AD25E1580B00EBE946 /* AppBuilder.swift in Sources */ = {isa = PBXBuildFile; fileRef = 5B6F23AC25E1580B00EBE946 /* AppBuilder.swift */; };
		5B6F23B025E15B3C00EBE946 /* AppModule.swift in Sources */ = {isa = PBXBuildFile; fileRef = 5B6F23AF25E15B3C00EBE946 /* AppModule.swift */; };
		5B6F23B725E1684000EBE946 /* BaseCoordinator.swift in Sources */ = {isa = PBXBuildFile; fileRef = 5B6F23B625E1684000EBE946 /* BaseCoordinator.swift */; };
		5B6F23BD25E16BD000EBE946 /* MainPresenter.swift in Sources */ = {isa = PBXBuildFile; fileRef = 5B6F23BC25E16BD000EBE946 /* MainPresenter.swift */; };
		5B6F23C025E16D7000EBE946 /* Match.swift in Sources */ = {isa = PBXBuildFile; fileRef = 5B6F23BF25E16D7000EBE946 /* Match.swift */; };
		5B6F23D825E190D700EBE946 /* MainAssembly.swift in Sources */ = {isa = PBXBuildFile; fileRef = 5B6F23D725E190D700EBE946 /* MainAssembly.swift */; };
		5B7E6BC125E23E0C0069E543 /* NetworkRouter.swift in Sources */ = {isa = PBXBuildFile; fileRef = 5B7E6BC025E23E0C0069E543 /* NetworkRouter.swift */; };
		5B7E6BD225E247FA0069E543 /* NetworkService.swift in Sources */ = {isa = PBXBuildFile; fileRef = 5B7E6BD125E247FA0069E543 /* NetworkService.swift */; };
		5B7E6BD525E248420069E543 /* NetworkRequest.swift in Sources */ = {isa = PBXBuildFile; fileRef = 5B7E6BD425E248420069E543 /* NetworkRequest.swift */; };
		5B7E6BDA25E249370069E543 /* FootballService.swift in Sources */ = {isa = PBXBuildFile; fileRef = 5B7E6BD925E249370069E543 /* FootballService.swift */; };
		5B7E6BDF25E25DDB0069E543 /* Video.swift in Sources */ = {isa = PBXBuildFile; fileRef = 5B7E6BDE25E25DDB0069E543 /* Video.swift */; };
		5B7E6BE325E262DF0069E543 /* VideoPlayerViewController.swift in Sources */ = {isa = PBXBuildFile; fileRef = 5B7E6BE225E262DF0069E543 /* VideoPlayerViewController.swift */; };
		5B7E6BE725E263B50069E543 /* VideoPlayerPresenter.swift in Sources */ = {isa = PBXBuildFile; fileRef = 5B7E6BE625E263B50069E543 /* VideoPlayerPresenter.swift */; };
		5B7E6BEA25E2649D0069E543 /* VideoPlayerAssembley.swift in Sources */ = {isa = PBXBuildFile; fileRef = 5B7E6BE925E2649D0069E543 /* VideoPlayerAssembley.swift */; };
		5B7E6BF525E271FF0069E543 /* FootballEndPoint.swift in Sources */ = {isa = PBXBuildFile; fileRef = 5B7E6BF425E271FF0069E543 /* FootballEndPoint.swift */; };
		5B7E6BF925E274E30069E543 /* UIViewController+Ext.swift in Sources */ = {isa = PBXBuildFile; fileRef = 5B7E6BF825E274E30069E543 /* UIViewController+Ext.swift */; };
		5B7E6BFD25E274F40069E543 /* DispatchQueue+Ext.swift in Sources */ = {isa = PBXBuildFile; fileRef = 5B7E6BFC25E274F40069E543 /* DispatchQueue+Ext.swift */; };
		5B7E6C0025E283080069E543 /* HeaderCell.swift in Sources */ = {isa = PBXBuildFile; fileRef = 5B7E6BFF25E283080069E543 /* HeaderCell.swift */; };
		5B7E6C0525E283620069E543 /* VideoCell.swift in Sources */ = {isa = PBXBuildFile; fileRef = 5B7E6C0425E283620069E543 /* VideoCell.swift */; };
		5B7E6C0925E292250069E543 /* UITableViewCell+Ext.swift in Sources */ = {isa = PBXBuildFile; fileRef = 5B7E6C0825E292250069E543 /* UITableViewCell+Ext.swift */; };
		5B7E6C0D25E292990069E543 /* UIButton+Const.swift in Sources */ = {isa = PBXBuildFile; fileRef = 5B7E6C0C25E292990069E543 /* UIButton+Const.swift */; };
		5B7E6C1125E292C20069E543 /* UIButton+Ext.swift in Sources */ = {isa = PBXBuildFile; fileRef = 5B7E6C1025E292C20069E543 /* UIButton+Ext.swift */; };
		5B7E6C1B25E29E490069E543 /* MatchDataSource.swift in Sources */ = {isa = PBXBuildFile; fileRef = 5B7E6C1A25E29E490069E543 /* MatchDataSource.swift */; };
		5B7E6C2125E2AC900069E543 /* BackgroundImageView.swift in Sources */ = {isa = PBXBuildFile; fileRef = 5B7E6C2025E2AC900069E543 /* BackgroundImageView.swift */; };
		5B7E6C2525E2B00E0069E543 /* UILabel+Ext.swift in Sources */ = {isa = PBXBuildFile; fileRef = 5B7E6C2425E2B00E0069E543 /* UILabel+Ext.swift */; };
		5B7E6C2825E2B04E0069E543 /* UILabel+Const.swift in Sources */ = {isa = PBXBuildFile; fileRef = 5B7E6C2725E2B04E0069E543 /* UILabel+Const.swift */; };
		5BF26C3525E14A85009E0C74 /* AppDelegate.swift in Sources */ = {isa = PBXBuildFile; fileRef = 5BF26C3425E14A85009E0C74 /* AppDelegate.swift */; };
		5BF26C3925E14A85009E0C74 /* MainViewController.swift in Sources */ = {isa = PBXBuildFile; fileRef = 5BF26C3825E14A85009E0C74 /* MainViewController.swift */; };
		5BF26C3E25E14A86009E0C74 /* Assets.xcassets in Resources */ = {isa = PBXBuildFile; fileRef = 5BF26C3D25E14A86009E0C74 /* Assets.xcassets */; };
		5BF26C4125E14A86009E0C74 /* LaunchScreen.storyboard in Resources */ = {isa = PBXBuildFile; fileRef = 5BF26C3F25E14A86009E0C74 /* LaunchScreen.storyboard */; };
/* End PBXBuildFile section */

/* Begin PBXFileReference section */
		5B2E9CB825E2B940001B77DF /* String+Ext.swift */ = {isa = PBXFileReference; lastKnownFileType = sourcecode.swift; path = "String+Ext.swift"; sourceTree = "<group>"; };
		5B2E9CC125E2D6D6001B77DF /* NetworkURLEncoder.swift */ = {isa = PBXFileReference; fileEncoding = 4; lastKnownFileType = sourcecode.swift; path = NetworkURLEncoder.swift; sourceTree = "<group>"; };
		5B2E9CC225E2D6D6001B77DF /* NetworkError.swift */ = {isa = PBXFileReference; fileEncoding = 4; lastKnownFileType = sourcecode.swift; path = NetworkError.swift; sourceTree = "<group>"; };
		5B2E9CC325E2D6D6001B77DF /* NetworkResponse.swift */ = {isa = PBXFileReference; fileEncoding = 4; lastKnownFileType = sourcecode.swift; path = NetworkResponse.swift; sourceTree = "<group>"; };
		5B6F23A825E1576500EBE946 /* AppCoordinator.swift */ = {isa = PBXFileReference; lastKnownFileType = sourcecode.swift; path = AppCoordinator.swift; sourceTree = "<group>"; };
		5B6F23AC25E1580B00EBE946 /* AppBuilder.swift */ = {isa = PBXFileReference; lastKnownFileType = sourcecode.swift; path = AppBuilder.swift; sourceTree = "<group>"; };
		5B6F23AF25E15B3C00EBE946 /* AppModule.swift */ = {isa = PBXFileReference; lastKnownFileType = sourcecode.swift; path = AppModule.swift; sourceTree = "<group>"; };
		5B6F23B625E1684000EBE946 /* BaseCoordinator.swift */ = {isa = PBXFileReference; lastKnownFileType = sourcecode.swift; path = BaseCoordinator.swift; sourceTree = "<group>"; };
		5B6F23BC25E16BD000EBE946 /* MainPresenter.swift */ = {isa = PBXFileReference; lastKnownFileType = sourcecode.swift; path = MainPresenter.swift; sourceTree = "<group>"; };
		5B6F23BF25E16D7000EBE946 /* Match.swift */ = {isa = PBXFileReference; lastKnownFileType = sourcecode.swift; path = Match.swift; sourceTree = "<group>"; };
		5B6F23D725E190D700EBE946 /* MainAssembly.swift */ = {isa = PBXFileReference; lastKnownFileType = sourcecode.swift; path = MainAssembly.swift; sourceTree = "<group>"; };
		5B7E6BC025E23E0C0069E543 /* NetworkRouter.swift */ = {isa = PBXFileReference; lastKnownFileType = sourcecode.swift; path = NetworkRouter.swift; sourceTree = "<group>"; };
		5B7E6BD125E247FA0069E543 /* NetworkService.swift */ = {isa = PBXFileReference; lastKnownFileType = sourcecode.swift; path = NetworkService.swift; sourceTree = "<group>"; };
		5B7E6BD425E248420069E543 /* NetworkRequest.swift */ = {isa = PBXFileReference; lastKnownFileType = sourcecode.swift; path = NetworkRequest.swift; sourceTree = "<group>"; };
		5B7E6BD925E249370069E543 /* FootballService.swift */ = {isa = PBXFileReference; lastKnownFileType = sourcecode.swift; path = FootballService.swift; sourceTree = "<group>"; };
		5B7E6BDE25E25DDB0069E543 /* Video.swift */ = {isa = PBXFileReference; lastKnownFileType = sourcecode.swift; path = Video.swift; sourceTree = "<group>"; };
		5B7E6BE225E262DF0069E543 /* VideoPlayerViewController.swift */ = {isa = PBXFileReference; lastKnownFileType = sourcecode.swift; path = VideoPlayerViewController.swift; sourceTree = "<group>"; };
		5B7E6BE625E263B50069E543 /* VideoPlayerPresenter.swift */ = {isa = PBXFileReference; lastKnownFileType = sourcecode.swift; path = VideoPlayerPresenter.swift; sourceTree = "<group>"; };
		5B7E6BE925E2649D0069E543 /* VideoPlayerAssembley.swift */ = {isa = PBXFileReference; lastKnownFileType = sourcecode.swift; path = VideoPlayerAssembley.swift; sourceTree = "<group>"; };
		5B7E6BF425E271FF0069E543 /* FootballEndPoint.swift */ = {isa = PBXFileReference; lastKnownFileType = sourcecode.swift; path = FootballEndPoint.swift; sourceTree = "<group>"; };
		5B7E6BF825E274E30069E543 /* UIViewController+Ext.swift */ = {isa = PBXFileReference; lastKnownFileType = sourcecode.swift; path = "UIViewController+Ext.swift"; sourceTree = "<group>"; };
		5B7E6BFC25E274F40069E543 /* DispatchQueue+Ext.swift */ = {isa = PBXFileReference; lastKnownFileType = sourcecode.swift; path = "DispatchQueue+Ext.swift"; sourceTree = "<group>"; };
		5B7E6BFF25E283080069E543 /* HeaderCell.swift */ = {isa = PBXFileReference; lastKnownFileType = sourcecode.swift; path = HeaderCell.swift; sourceTree = "<group>"; };
		5B7E6C0425E283620069E543 /* VideoCell.swift */ = {isa = PBXFileReference; lastKnownFileType = sourcecode.swift; path = VideoCell.swift; sourceTree = "<group>"; };
		5B7E6C0825E292250069E543 /* UITableViewCell+Ext.swift */ = {isa = PBXFileReference; lastKnownFileType = sourcecode.swift; path = "UITableViewCell+Ext.swift"; sourceTree = "<group>"; };
		5B7E6C0C25E292990069E543 /* UIButton+Const.swift */ = {isa = PBXFileReference; lastKnownFileType = sourcecode.swift; path = "UIButton+Const.swift"; sourceTree = "<group>"; };
		5B7E6C1025E292C20069E543 /* UIButton+Ext.swift */ = {isa = PBXFileReference; lastKnownFileType = sourcecode.swift; path = "UIButton+Ext.swift"; sourceTree = "<group>"; };
		5B7E6C1A25E29E490069E543 /* MatchDataSource.swift */ = {isa = PBXFileReference; lastKnownFileType = sourcecode.swift; path = MatchDataSource.swift; sourceTree = "<group>"; };
		5B7E6C2025E2AC900069E543 /* BackgroundImageView.swift */ = {isa = PBXFileReference; lastKnownFileType = sourcecode.swift; path = BackgroundImageView.swift; sourceTree = "<group>"; };
		5B7E6C2425E2B00E0069E543 /* UILabel+Ext.swift */ = {isa = PBXFileReference; lastKnownFileType = sourcecode.swift; path = "UILabel+Ext.swift"; sourceTree = "<group>"; };
		5B7E6C2725E2B04E0069E543 /* UILabel+Const.swift */ = {isa = PBXFileReference; lastKnownFileType = sourcecode.swift; path = "UILabel+Const.swift"; sourceTree = "<group>"; };
		5BF26C3125E14A85009E0C74 /* TestPlayer.app */ = {isa = PBXFileReference; explicitFileType = wrapper.application; includeInIndex = 0; path = TestPlayer.app; sourceTree = BUILT_PRODUCTS_DIR; };
		5BF26C3425E14A85009E0C74 /* AppDelegate.swift */ = {isa = PBXFileReference; lastKnownFileType = sourcecode.swift; path = AppDelegate.swift; sourceTree = "<group>"; };
		5BF26C3825E14A85009E0C74 /* MainViewController.swift */ = {isa = PBXFileReference; lastKnownFileType = sourcecode.swift; path = MainViewController.swift; sourceTree = "<group>"; };
		5BF26C3D25E14A86009E0C74 /* Assets.xcassets */ = {isa = PBXFileReference; lastKnownFileType = folder.assetcatalog; path = Assets.xcassets; sourceTree = "<group>"; };
		5BF26C4025E14A86009E0C74 /* Base */ = {isa = PBXFileReference; lastKnownFileType = file.storyboard; name = Base; path = Base.lproj/LaunchScreen.storyboard; sourceTree = "<group>"; };
		5BF26C4225E14A86009E0C74 /* Info.plist */ = {isa = PBXFileReference; lastKnownFileType = text.plist.xml; path = Info.plist; sourceTree = "<group>"; };
/* End PBXFileReference section */

/* Begin PBXFrameworksBuildPhase section */
		5BF26C2E25E14A85009E0C74 /* Frameworks */ = {
			isa = PBXFrameworksBuildPhase;
			buildActionMask = 2147483647;
			files = (
			);
			runOnlyForDeploymentPostprocessing = 0;
		};
/* End PBXFrameworksBuildPhase section */

/* Begin PBXGroup section */
		5B6F23A725E1573D00EBE946 /* 🧭Coordinator */ = {
			isa = PBXGroup;
			children = (
				5B6F23B625E1684000EBE946 /* BaseCoordinator.swift */,
				5B6F23A825E1576500EBE946 /* AppCoordinator.swift */,
			);
			path = "🧭Coordinator";
			sourceTree = "<group>";
		};
		5B6F23AB25E157C500EBE946 /* 🏗Factory */ = {
			isa = PBXGroup;
			children = (
				5B6F23AF25E15B3C00EBE946 /* AppModule.swift */,
				5B6F23AC25E1580B00EBE946 /* AppBuilder.swift */,
			);
			path = "🏗Factory";
			sourceTree = "<group>";
		};
		5B6F23BA25E16BB500EBE946 /* View */ = {
			isa = PBXGroup;
			children = (
				5BF26C3825E14A85009E0C74 /* MainViewController.swift */,
				5B7E6C2025E2AC900069E543 /* BackgroundImageView.swift */,
				5B7E6C0225E2834C0069E543 /* Cell */,
			);
			path = View;
			sourceTree = "<group>";
		};
		5B6F23BB25E16BC000EBE946 /* Presenter */ = {
			isa = PBXGroup;
			children = (
				5B6F23BC25E16BD000EBE946 /* MainPresenter.swift */,
			);
			path = Presenter;
			sourceTree = "<group>";
		};
		5B6F23D625E190C800EBE946 /* Assembly */ = {
			isa = PBXGroup;
			children = (
				5B6F23D725E190D700EBE946 /* MainAssembly.swift */,
			);
			path = Assembly;
			sourceTree = "<group>";
		};
		5B7E6BBF25E23DF10069E543 /* Network */ = {
			isa = PBXGroup;
			children = (
				5B7E6BC625E2474C0069E543 /* UseCases */,
				5B7E6BC525E247290069E543 /* NetworkService */,
			);
			path = Network;
			sourceTree = "<group>";
		};
		5B7E6BC525E247290069E543 /* NetworkService */ = {
			isa = PBXGroup;
			children = (
				5B2E9CC225E2D6D6001B77DF /* NetworkError.swift */,
				5B2E9CC325E2D6D6001B77DF /* NetworkResponse.swift */,
				5B2E9CC125E2D6D6001B77DF /* NetworkURLEncoder.swift */,
				5B7E6BC025E23E0C0069E543 /* NetworkRouter.swift */,
				5B7E6BD425E248420069E543 /* NetworkRequest.swift */,
				5B7E6BD125E247FA0069E543 /* NetworkService.swift */,
			);
			path = NetworkService;
			sourceTree = "<group>";
		};
		5B7E6BC625E2474C0069E543 /* UseCases */ = {
			isa = PBXGroup;
			children = (
				5B7E6BD925E249370069E543 /* FootballService.swift */,
				5B7E6BF425E271FF0069E543 /* FootballEndPoint.swift */,
			);
			path = UseCases;
			sourceTree = "<group>";
		};
		5B7E6BE125E262A20069E543 /* VideoPlayer */ = {
			isa = PBXGroup;
			children = (
				5B7E6BEC25E26D240069E543 /* Assembly */,
				5B7E6BF025E26D330069E543 /* View */,
				5B7E6BEE25E26D2B0069E543 /* Presenter */,
			);
			path = VideoPlayer;
			sourceTree = "<group>";
		};
		5B7E6BEC25E26D240069E543 /* Assembly */ = {
			isa = PBXGroup;
			children = (
				5B7E6BE925E2649D0069E543 /* VideoPlayerAssembley.swift */,
			);
			path = Assembly;
			sourceTree = "<group>";
		};
		5B7E6BEE25E26D2B0069E543 /* Presenter */ = {
			isa = PBXGroup;
			children = (
				5B7E6BE625E263B50069E543 /* VideoPlayerPresenter.swift */,
			);
			path = Presenter;
			sourceTree = "<group>";
		};
		5B7E6BF025E26D330069E543 /* View */ = {
			isa = PBXGroup;
			children = (
				5B7E6BE225E262DF0069E543 /* VideoPlayerViewController.swift */,
			);
			path = View;
			sourceTree = "<group>";
		};
		5B7E6BF725E274D10069E543 /* ⚙️Extensions */ = {
			isa = PBXGroup;
			children = (
				5B7E6BF825E274E30069E543 /* UIViewController+Ext.swift */,
				5B7E6C0825E292250069E543 /* UITableViewCell+Ext.swift */,
				5B7E6C2425E2B00E0069E543 /* UILabel+Ext.swift */,
				5B7E6C1025E292C20069E543 /* UIButton+Ext.swift */,
				5B7E6BFC25E274F40069E543 /* DispatchQueue+Ext.swift */,
				5B2E9CB825E2B940001B77DF /* String+Ext.swift */,
			);
			path = "⚙️Extensions";
			sourceTree = "<group>";
		};
		5B7E6C0225E2834C0069E543 /* Cell */ = {
			isa = PBXGroup;
			children = (
				5B7E6BFF25E283080069E543 /* HeaderCell.swift */,
				5B7E6C0425E283620069E543 /* VideoCell.swift */,
			);
			path = Cell;
			sourceTree = "<group>";
		};
		5B7E6C0B25E292860069E543 /* 📋Constants+UI */ = {
			isa = PBXGroup;
			children = (
				5B7E6C0C25E292990069E543 /* UIButton+Const.swift */,
				5B7E6C2725E2B04E0069E543 /* UILabel+Const.swift */,
			);
			path = "📋Constants+UI";
			sourceTree = "<group>";
		};
		5B7E6C1925E29E390069E543 /* Model */ = {
			isa = PBXGroup;
			children = (
				5B7E6C1A25E29E490069E543 /* MatchDataSource.swift */,
			);
			path = Model;
			sourceTree = "<group>";
		};
		5BF26C2825E14A85009E0C74 = {
			isa = PBXGroup;
			children = (
				5BF26C3325E14A85009E0C74 /* TestPlayer */,
				5BF26C3225E14A85009E0C74 /* Products */,
			);
			sourceTree = "<group>";
		};
		5BF26C3225E14A85009E0C74 /* Products */ = {
			isa = PBXGroup;
			children = (
				5BF26C3125E14A85009E0C74 /* TestPlayer.app */,
			);
			name = Products;
			sourceTree = "<group>";
		};
		5BF26C3325E14A85009E0C74 /* TestPlayer */ = {
			isa = PBXGroup;
			children = (
				5BF26C3425E14A85009E0C74 /* AppDelegate.swift */,
				5BF26C4225E14A86009E0C74 /* Info.plist */,
				5BF26C4C25E1516D009E0C74 /* Application  */,
				5BF26C5225E151D6009E0C74 /* Services */,
				5BF26C4B25E1515A009E0C74 /* Resources */,
			);
			path = TestPlayer;
			sourceTree = "<group>";
		};
		5BF26C4B25E1515A009E0C74 /* Resources */ = {
			isa = PBXGroup;
			children = (
				5BF26C3D25E14A86009E0C74 /* Assets.xcassets */,
				5BF26C3F25E14A86009E0C74 /* LaunchScreen.storyboard */,
			);
			path = Resources;
			sourceTree = "<group>";
		};
		5BF26C4C25E1516D009E0C74 /* Application  */ = {
			isa = PBXGroup;
			children = (
				5B7E6C0B25E292860069E543 /* 📋Constants+UI */,
				5BF26C4E25E15177009E0C74 /* 📱Screens  */,
				5B6F23AB25E157C500EBE946 /* 🏗Factory */,
				5B6F23A725E1573D00EBE946 /* 🧭Coordinator */,
				5BF26C5B25E152C6009E0C74 /* 🗄 Entities */,
				5B7E6BF725E274D10069E543 /* ⚙️Extensions */,
			);
			path = "Application ";
			sourceTree = "<group>";
		};
		5BF26C4E25E15177009E0C74 /* 📱Screens  */ = {
			isa = PBXGroup;
			children = (
				5BF26C5A25E152A8009E0C74 /* Main */,
				5B7E6BE125E262A20069E543 /* VideoPlayer */,
			);
			path = "📱Screens ";
			sourceTree = "<group>";
		};
		5BF26C5225E151D6009E0C74 /* Services */ = {
			isa = PBXGroup;
			children = (
				5B7E6BBF25E23DF10069E543 /* Network */,
			);
			path = Services;
			sourceTree = "<group>";
		};
		5BF26C5A25E152A8009E0C74 /* Main */ = {
			isa = PBXGroup;
			children = (
				5B6F23D625E190C800EBE946 /* Assembly */,
				5B7E6C1925E29E390069E543 /* Model */,
				5B6F23BA25E16BB500EBE946 /* View */,
				5B6F23BB25E16BC000EBE946 /* Presenter */,
			);
			path = Main;
			sourceTree = "<group>";
		};
		5BF26C5B25E152C6009E0C74 /* 🗄 Entities */ = {
			isa = PBXGroup;
			children = (
				5B6F23BF25E16D7000EBE946 /* Match.swift */,
				5B7E6BDE25E25DDB0069E543 /* Video.swift */,
			);
			path = "🗄 Entities";
			sourceTree = "<group>";
		};
/* End PBXGroup section */

/* Begin PBXNativeTarget section */
		5BF26C3025E14A85009E0C74 /* TestPlayer */ = {
			isa = PBXNativeTarget;
			buildConfigurationList = 5BF26C4525E14A86009E0C74 /* Build configuration list for PBXNativeTarget "TestPlayer" */;
			buildPhases = (
				5BF26C2D25E14A85009E0C74 /* Sources */,
				5BF26C2E25E14A85009E0C74 /* Frameworks */,
				5BF26C2F25E14A85009E0C74 /* Resources */,
			);
			buildRules = (
			);
			dependencies = (
			);
			name = TestPlayer;
			productName = TestPlayer;
			productReference = 5BF26C3125E14A85009E0C74 /* TestPlayer.app */;
			productType = "com.apple.product-type.application";
		};
/* End PBXNativeTarget section */

/* Begin PBXProject section */
		5BF26C2925E14A85009E0C74 /* Project object */ = {
			isa = PBXProject;
			attributes = {
				LastSwiftUpdateCheck = 1230;
				LastUpgradeCheck = 1230;
				TargetAttributes = {
					5BF26C3025E14A85009E0C74 = {
						CreatedOnToolsVersion = 12.3;
					};
				};
			};
			buildConfigurationList = 5BF26C2C25E14A85009E0C74 /* Build configuration list for PBXProject "TestPlayer" */;
			compatibilityVersion = "Xcode 9.3";
			developmentRegion = en;
			hasScannedForEncodings = 0;
			knownRegions = (
				en,
				Base,
			);
			mainGroup = 5BF26C2825E14A85009E0C74;
			productRefGroup = 5BF26C3225E14A85009E0C74 /* Products */;
			projectDirPath = "";
			projectRoot = "";
			targets = (
				5BF26C3025E14A85009E0C74 /* TestPlayer */,
			);
		};
/* End PBXProject section */

/* Begin PBXResourcesBuildPhase section */
		5BF26C2F25E14A85009E0C74 /* Resources */ = {
			isa = PBXResourcesBuildPhase;
			buildActionMask = 2147483647;
			files = (
				5BF26C4125E14A86009E0C74 /* LaunchScreen.storyboard in Resources */,
				5BF26C3E25E14A86009E0C74 /* Assets.xcassets in Resources */,
			);
			runOnlyForDeploymentPostprocessing = 0;
		};
/* End PBXResourcesBuildPhase section */

/* Begin PBXSourcesBuildPhase section */
		5BF26C2D25E14A85009E0C74 /* Sources */ = {
			isa = PBXSourcesBuildPhase;
			buildActionMask = 2147483647;
			files = (
				5B7E6C2125E2AC900069E543 /* BackgroundImageView.swift in Sources */,
				5B2E9CC525E2D6D6001B77DF /* NetworkError.swift in Sources */,
				5B6F23A925E1576500EBE946 /* AppCoordinator.swift in Sources */,
				5B7E6C0D25E292990069E543 /* UIButton+Const.swift in Sources */,
				5B6F23D825E190D700EBE946 /* MainAssembly.swift in Sources */,
				5B6F23AD25E1580B00EBE946 /* AppBuilder.swift in Sources */,
				5B7E6C1B25E29E490069E543 /* MatchDataSource.swift in Sources */,
				5B2E9CB925E2B940001B77DF /* String+Ext.swift in Sources */,
				5B2E9CC625E2D6D6001B77DF /* NetworkResponse.swift in Sources */,
				5B6F23C025E16D7000EBE946 /* Match.swift in Sources */,
				5B7E6BF925E274E30069E543 /* UIViewController+Ext.swift in Sources */,
				5BF26C3925E14A85009E0C74 /* MainViewController.swift in Sources */,
				5B7E6C0525E283620069E543 /* VideoCell.swift in Sources */,
				5B7E6C2525E2B00E0069E543 /* UILabel+Ext.swift in Sources */,
				5B2E9CC425E2D6D6001B77DF /* NetworkURLEncoder.swift in Sources */,
				5B7E6BC125E23E0C0069E543 /* NetworkRouter.swift in Sources */,
				5B6F23BD25E16BD000EBE946 /* MainPresenter.swift in Sources */,
				5B7E6BEA25E2649D0069E543 /* VideoPlayerAssembley.swift in Sources */,
				5BF26C3525E14A85009E0C74 /* AppDelegate.swift in Sources */,
				5B7E6BFD25E274F40069E543 /* DispatchQueue+Ext.swift in Sources */,
				5B6F23B725E1684000EBE946 /* BaseCoordinator.swift in Sources */,
				5B7E6BDA25E249370069E543 /* FootballService.swift in Sources */,
				5B7E6BD225E247FA0069E543 /* NetworkService.swift in Sources */,
				5B7E6C0025E283080069E543 /* HeaderCell.swift in Sources */,
				5B7E6C0925E292250069E543 /* UITableViewCell+Ext.swift in Sources */,
				5B7E6BDF25E25DDB0069E543 /* Video.swift in Sources */,
				5B7E6BF525E271FF0069E543 /* FootballEndPoint.swift in Sources */,
				5B7E6BE325E262DF0069E543 /* VideoPlayerViewController.swift in Sources */,
				5B6F23B025E15B3C00EBE946 /* AppModule.swift in Sources */,
				5B7E6BD525E248420069E543 /* NetworkRequest.swift in Sources */,
				5B7E6C1125E292C20069E543 /* UIButton+Ext.swift in Sources */,
				5B7E6C2825E2B04E0069E543 /* UILabel+Const.swift in Sources */,
				5B7E6BE725E263B50069E543 /* VideoPlayerPresenter.swift in Sources */,
			);
			runOnlyForDeploymentPostprocessing = 0;
		};
/* End PBXSourcesBuildPhase section */

/* Begin PBXVariantGroup section */
		5BF26C3F25E14A86009E0C74 /* LaunchScreen.storyboard */ = {
			isa = PBXVariantGroup;
			children = (
				5BF26C4025E14A86009E0C74 /* Base */,
			);
			name = LaunchScreen.storyboard;
			sourceTree = "<group>";
		};
/* End PBXVariantGroup section */

/* Begin XCBuildConfiguration section */
		5BF26C4325E14A86009E0C74 /* Debug */ = {
			isa = XCBuildConfiguration;
			buildSettings = {
				ALWAYS_SEARCH_USER_PATHS = NO;
				CLANG_ANALYZER_NONNULL = YES;
				CLANG_ANALYZER_NUMBER_OBJECT_CONVERSION = YES_AGGRESSIVE;
				CLANG_CXX_LANGUAGE_STANDARD = "gnu++14";
				CLANG_CXX_LIBRARY = "libc++";
				CLANG_ENABLE_MODULES = YES;
				CLANG_ENABLE_OBJC_ARC = YES;
				CLANG_ENABLE_OBJC_WEAK = YES;
				CLANG_WARN_BLOCK_CAPTURE_AUTORELEASING = YES;
				CLANG_WARN_BOOL_CONVERSION = YES;
				CLANG_WARN_COMMA = YES;
				CLANG_WARN_CONSTANT_CONVERSION = YES;
				CLANG_WARN_DEPRECATED_OBJC_IMPLEMENTATIONS = YES;
				CLANG_WARN_DIRECT_OBJC_ISA_USAGE = YES_ERROR;
				CLANG_WARN_DOCUMENTATION_COMMENTS = YES;
				CLANG_WARN_EMPTY_BODY = YES;
				CLANG_WARN_ENUM_CONVERSION = YES;
				CLANG_WARN_INFINITE_RECURSION = YES;
				CLANG_WARN_INT_CONVERSION = YES;
				CLANG_WARN_NON_LITERAL_NULL_CONVERSION = YES;
				CLANG_WARN_OBJC_IMPLICIT_RETAIN_SELF = YES;
				CLANG_WARN_OBJC_LITERAL_CONVERSION = YES;
				CLANG_WARN_OBJC_ROOT_CLASS = YES_ERROR;
				CLANG_WARN_QUOTED_INCLUDE_IN_FRAMEWORK_HEADER = YES;
				CLANG_WARN_RANGE_LOOP_ANALYSIS = YES;
				CLANG_WARN_STRICT_PROTOTYPES = YES;
				CLANG_WARN_SUSPICIOUS_MOVE = YES;
				CLANG_WARN_UNGUARDED_AVAILABILITY = YES_AGGRESSIVE;
				CLANG_WARN_UNREACHABLE_CODE = YES;
				CLANG_WARN__DUPLICATE_METHOD_MATCH = YES;
				COPY_PHASE_STRIP = NO;
				DEBUG_INFORMATION_FORMAT = dwarf;
				ENABLE_STRICT_OBJC_MSGSEND = YES;
				ENABLE_TESTABILITY = YES;
				GCC_C_LANGUAGE_STANDARD = gnu11;
				GCC_DYNAMIC_NO_PIC = NO;
				GCC_NO_COMMON_BLOCKS = YES;
				GCC_OPTIMIZATION_LEVEL = 0;
				GCC_PREPROCESSOR_DEFINITIONS = (
					"DEBUG=1",
					"$(inherited)",
				);
				GCC_WARN_64_TO_32_BIT_CONVERSION = YES;
				GCC_WARN_ABOUT_RETURN_TYPE = YES_ERROR;
				GCC_WARN_UNDECLARED_SELECTOR = YES;
				GCC_WARN_UNINITIALIZED_AUTOS = YES_AGGRESSIVE;
				GCC_WARN_UNUSED_FUNCTION = YES;
				GCC_WARN_UNUSED_VARIABLE = YES;
				IPHONEOS_DEPLOYMENT_TARGET = 11.0;
				MTL_ENABLE_DEBUG_INFO = INCLUDE_SOURCE;
				MTL_FAST_MATH = YES;
				ONLY_ACTIVE_ARCH = YES;
				SDKROOT = iphoneos;
				SWIFT_ACTIVE_COMPILATION_CONDITIONS = DEBUG;
				SWIFT_OPTIMIZATION_LEVEL = "-Onone";
			};
			name = Debug;
		};
		5BF26C4425E14A86009E0C74 /* Release */ = {
			isa = XCBuildConfiguration;
			buildSettings = {
				ALWAYS_SEARCH_USER_PATHS = NO;
				CLANG_ANALYZER_NONNULL = YES;
				CLANG_ANALYZER_NUMBER_OBJECT_CONVERSION = YES_AGGRESSIVE;
				CLANG_CXX_LANGUAGE_STANDARD = "gnu++14";
				CLANG_CXX_LIBRARY = "libc++";
				CLANG_ENABLE_MODULES = YES;
				CLANG_ENABLE_OBJC_ARC = YES;
				CLANG_ENABLE_OBJC_WEAK = YES;
				CLANG_WARN_BLOCK_CAPTURE_AUTORELEASING = YES;
				CLANG_WARN_BOOL_CONVERSION = YES;
				CLANG_WARN_COMMA = YES;
				CLANG_WARN_CONSTANT_CONVERSION = YES;
				CLANG_WARN_DEPRECATED_OBJC_IMPLEMENTATIONS = YES;
				CLANG_WARN_DIRECT_OBJC_ISA_USAGE = YES_ERROR;
				CLANG_WARN_DOCUMENTATION_COMMENTS = YES;
				CLANG_WARN_EMPTY_BODY = YES;
				CLANG_WARN_ENUM_CONVERSION = YES;
				CLANG_WARN_INFINITE_RECURSION = YES;
				CLANG_WARN_INT_CONVERSION = YES;
				CLANG_WARN_NON_LITERAL_NULL_CONVERSION = YES;
				CLANG_WARN_OBJC_IMPLICIT_RETAIN_SELF = YES;
				CLANG_WARN_OBJC_LITERAL_CONVERSION = YES;
				CLANG_WARN_OBJC_ROOT_CLASS = YES_ERROR;
				CLANG_WARN_QUOTED_INCLUDE_IN_FRAMEWORK_HEADER = YES;
				CLANG_WARN_RANGE_LOOP_ANALYSIS = YES;
				CLANG_WARN_STRICT_PROTOTYPES = YES;
				CLANG_WARN_SUSPICIOUS_MOVE = YES;
				CLANG_WARN_UNGUARDED_AVAILABILITY = YES_AGGRESSIVE;
				CLANG_WARN_UNREACHABLE_CODE = YES;
				CLANG_WARN__DUPLICATE_METHOD_MATCH = YES;
				COPY_PHASE_STRIP = NO;
				DEBUG_INFORMATION_FORMAT = "dwarf-with-dsym";
				ENABLE_NS_ASSERTIONS = NO;
				ENABLE_STRICT_OBJC_MSGSEND = YES;
				GCC_C_LANGUAGE_STANDARD = gnu11;
				GCC_NO_COMMON_BLOCKS = YES;
				GCC_WARN_64_TO_32_BIT_CONVERSION = YES;
				GCC_WARN_ABOUT_RETURN_TYPE = YES_ERROR;
				GCC_WARN_UNDECLARED_SELECTOR = YES;
				GCC_WARN_UNINITIALIZED_AUTOS = YES_AGGRESSIVE;
				GCC_WARN_UNUSED_FUNCTION = YES;
				GCC_WARN_UNUSED_VARIABLE = YES;
				IPHONEOS_DEPLOYMENT_TARGET = 11.0;
				MTL_ENABLE_DEBUG_INFO = NO;
				MTL_FAST_MATH = YES;
				SDKROOT = iphoneos;
				SWIFT_COMPILATION_MODE = wholemodule;
				SWIFT_OPTIMIZATION_LEVEL = "-O";
				VALIDATE_PRODUCT = YES;
			};
			name = Release;
		};
		5BF26C4625E14A86009E0C74 /* Debug */ = {
			isa = XCBuildConfiguration;
			buildSettings = {
				ASSETCATALOG_COMPILER_APPICON_NAME = AppIcon;
				ASSETCATALOG_COMPILER_GLOBAL_ACCENT_COLOR_NAME = AccentColor;
				CODE_SIGN_STYLE = Automatic;
				DEVELOPMENT_TEAM = 8HJX262N96;
				INFOPLIST_FILE = TestPlayer/Info.plist;
				IPHONEOS_DEPLOYMENT_TARGET = 11.0;
				LD_RUNPATH_SEARCH_PATHS = (
					"$(inherited)",
					"@executable_path/Frameworks",
				);
				PRODUCT_BUNDLE_IDENTIFIER = "ios-developer.TestPlayer";
				PRODUCT_NAME = "$(TARGET_NAME)";
				SWIFT_VERSION = 5.0;
				TARGETED_DEVICE_FAMILY = 1;
			};
			name = Debug;
		};
		5BF26C4725E14A86009E0C74 /* Release */ = {
			isa = XCBuildConfiguration;
			buildSettings = {
				ASSETCATALOG_COMPILER_APPICON_NAME = AppIcon;
				ASSETCATALOG_COMPILER_GLOBAL_ACCENT_COLOR_NAME = AccentColor;
				CODE_SIGN_STYLE = Automatic;
				DEVELOPMENT_TEAM = 8HJX262N96;
				INFOPLIST_FILE = TestPlayer/Info.plist;
				IPHONEOS_DEPLOYMENT_TARGET = 11.0;
				LD_RUNPATH_SEARCH_PATHS = (
					"$(inherited)",
					"@executable_path/Frameworks",
				);
				PRODUCT_BUNDLE_IDENTIFIER = "ios-developer.TestPlayer";
				PRODUCT_NAME = "$(TARGET_NAME)";
				SWIFT_VERSION = 5.0;
				TARGETED_DEVICE_FAMILY = 1;
			};
			name = Release;
		};
/* End XCBuildConfiguration section */

/* Begin XCConfigurationList section */
		5BF26C2C25E14A85009E0C74 /* Build configuration list for PBXProject "TestPlayer" */ = {
			isa = XCConfigurationList;
			buildConfigurations = (
				5BF26C4325E14A86009E0C74 /* Debug */,
				5BF26C4425E14A86009E0C74 /* Release */,
			);
			defaultConfigurationIsVisible = 0;
			defaultConfigurationName = Release;
		};
		5BF26C4525E14A86009E0C74 /* Build configuration list for PBXNativeTarget "TestPlayer" */ = {
			isa = XCConfigurationList;
			buildConfigurations = (
				5BF26C4625E14A86009E0C74 /* Debug */,
				5BF26C4725E14A86009E0C74 /* Release */,
			);
			defaultConfigurationIsVisible = 0;
			defaultConfigurationName = Release;
		};
/* End XCConfigurationList section */
	};
	rootObject = 5BF26C2925E14A85009E0C74 /* Project object */;
}
